
Microsoft Visual Studio Solution File, Format Version 12.00
# Visual Studio Version 16
VisualStudioVersion = 16.0.29613.14
MinimumVisualStudioVersion = 10.0.40219.1
Project("{FAE04EC0-301F-11D3-BF4B-00C04F79EFBC}") = "csvConvertxls", "csvConvertxls.csproj", "{19BA09E2-9752-45AE-AAC4-18B69C78F7FC}"
EndProject
Global
	GlobalSection(SolutionConfigurationPlatforms) = preSolution
		Debug|Any CPU = Debug|Any CPU
		Release|Any CPU = Release|Any CPU
	EndGlobalSection
	GlobalSection(ProjectConfigurationPlatforms) = postSolution
		{19BA09E2-9752-45AE-AAC4-18B69C78F7FC}.Debug|Any CPU.ActiveCfg = Debug|Any CPU
		{19BA09E2-9752-45AE-AAC4-18B69C78F7FC}.Debug|Any CPU.Build.0 = Debug|Any CPU
		{19BA09E2-9752-45AE-AAC4-18B69C78F7FC}.Release|Any CPU.ActiveCfg = Release|Any CPU
		{19BA09E2-9752-45AE-AAC4-18B69C78F7FC}.Release|Any CPU.Build.0 = Release|Any CPU
	EndGlobalSection
	GlobalSection(SolutionProperties) = preSolution
		HideSolutionNode = FALSE
	EndGlobalSection
	GlobalSection(ExtensibilityGlobals) = postSolution
		SolutionGuid = {19692AE8-A749-4FA7-9F38-F2053A96314D}
	EndGlobalSection
EndGlobal
